PODS:
  - AgoraRtcEngine_iOS (3.2.1)
  - ARVideoKit (1.51)

DEPENDENCIES:
  - AgoraRtcEngine_iOS
  - ARVideoKit (~> 1.51)

SPEC REPOS:
  trunk:
    - AgoraRtcEngine_iOS
    - ARVideoKit

SPEC CHECKSUMS:
  AgoraRtcEngine_iOS: bf8ee53108d31dd9e3b7e448701b9098162c42c7
  ARVideoKit: d575d98274aab060748514aa32ac964c24c1923f

PODFILE CHECKSUM: 25c38229615005357eadf78cd73014459f6e774f

COCOAPODS: 1.10.1
