PODS:
  - AgoraRtcEngine_iOS (3.0.0.1)
  - ARVideoKit (1.51)

DEPENDENCIES:
  - AgoraRtcEngine_iOS
  - ARVideoKit (~> 1.51)

SPEC REPOS:
  trunk:
    - AgoraRtcEngine_iOS
    - ARVideoKit

SPEC CHECKSUMS:
  AgoraRtcEngine_iOS: f7fb9870f884dfa91fc3295c6594ea089f38c481
  ARVideoKit: d575d98274aab060748514aa32ac964c24c1923f

PODFILE CHECKSUM: 25c38229615005357eadf78cd73014459f6e774f

COCOAPODS: 1.8.4
